
Microsoft Visual Studio Solution File, Format Version 12.00
# Visual Studio Version 17
VisualStudioVersion = 17.0.31903.59
MinimumVisualStudioVersion = 10.0.40219.1
Project("{FAE04EC0-301F-11D3-BF4B-00C04F79EFBC}") = "MCBank.Cli", "MCBank.Cli\MCBank.Cli.csproj", "{581D0684-D5ED-4A2C-B74B-EFC3765EC288}"
EndProject
Project("{FAE04EC0-301F-11D3-BF4B-00C04F79EFBC}") = "MCBank.WebApi", "MCBank.WebApi\MCBank.WebApi.csproj", "{B8BCDA9B-D9BA-4062-8D70-9879725F94D2}"
EndProject
Project("{FAE04EC0-301F-11D3-BF4B-00C04F79EFBC}") = "MCBank.UnitTests", "MCBank.UnitTests\MCBank.UnitTests.csproj", "{CF539308-965D-4F86-B34B-F33D6DC47434}"
EndProject
Global
	GlobalSection(SolutionConfigurationPlatforms) = preSolution
		Debug|Any CPU = Debug|Any CPU
		Release|Any CPU = Release|Any CPU
	EndGlobalSection
	GlobalSection(SolutionProperties) = preSolution
		HideSolutionNode = FALSE
	EndGlobalSection
	GlobalSection(ProjectConfigurationPlatforms) = postSolution
		{581D0684-D5ED-4A2C-B74B-EFC3765EC288}.Debug|Any CPU.ActiveCfg = Debug|Any CPU
		{581D0684-D5ED-4A2C-B74B-EFC3765EC288}.Debug|Any CPU.Build.0 = Debug|Any CPU
		{581D0684-D5ED-4A2C-B74B-EFC3765EC288}.Release|Any CPU.ActiveCfg = Release|Any CPU
		{581D0684-D5ED-4A2C-B74B-EFC3765EC288}.Release|Any CPU.Build.0 = Release|Any CPU
		{B8BCDA9B-D9BA-4062-8D70-9879725F94D2}.Debug|Any CPU.ActiveCfg = Debug|Any CPU
		{B8BCDA9B-D9BA-4062-8D70-9879725F94D2}.Debug|Any CPU.Build.0 = Debug|Any CPU
		{B8BCDA9B-D9BA-4062-8D70-9879725F94D2}.Release|Any CPU.ActiveCfg = Release|Any CPU
		{B8BCDA9B-D9BA-4062-8D70-9879725F94D2}.Release|Any CPU.Build.0 = Release|Any CPU
		{CF539308-965D-4F86-B34B-F33D6DC47434}.Debug|Any CPU.ActiveCfg = Debug|Any CPU
		{CF539308-965D-4F86-B34B-F33D6DC47434}.Debug|Any CPU.Build.0 = Debug|Any CPU
		{CF539308-965D-4F86-B34B-F33D6DC47434}.Release|Any CPU.ActiveCfg = Release|Any CPU
		{CF539308-965D-4F86-B34B-F33D6DC47434}.Release|Any CPU.Build.0 = Release|Any CPU
	EndGlobalSection
EndGlobal
